// !$*UTF8*$!
{
	archiveVersion = 1;
	classes = {
	};
	objectVersion = 56;
	objects = {

/* Begin PBXBuildFile section */
		C61E1C802C4038BC008859EE /* RootScreen.swift in Sources */ = {isa = PBXBuildFile; fileRef = C61E1C7F2C4038BC008859EE /* RootScreen.swift */; };
		C61E1C822C403931008859EE /* CatBreedDetailScreen.swift in Sources */ = {isa = PBXBuildFile; fileRef = C61E1C812C403931008859EE /* CatBreedDetailScreen.swift */; };
		C61E1C862C404240008859EE /* CatBreedDetailView.swift in Sources */ = {isa = PBXBuildFile; fileRef = C61E1C852C404240008859EE /* CatBreedDetailView.swift */; };
		C61E1C8A2C404E97008859EE /* CatsDatasource.swift in Sources */ = {isa = PBXBuildFile; fileRef = C61E1C892C404E97008859EE /* CatsDatasource.swift */; };
		C61E1C8D2C406D9F008859EE /* Networking.swift in Sources */ = {isa = PBXBuildFile; fileRef = C61E1C8C2C406D9F008859EE /* Networking.swift */; };
		C61E1C912C40928B008859EE /* CatBreedListCellView.swift in Sources */ = {isa = PBXBuildFile; fileRef = C61E1C902C40928B008859EE /* CatBreedListCellView.swift */; };
		C61E1C982C415964008859EE /* CatsApiEndpoint.swift in Sources */ = {isa = PBXBuildFile; fileRef = C61E1C972C415964008859EE /* CatsApiEndpoint.swift */; };
		C61E1C9A2C416BED008859EE /* CatsApiEndpointTests.swift in Sources */ = {isa = PBXBuildFile; fileRef = C61E1C992C416BED008859EE /* CatsApiEndpointTests.swift */; };
		C61E1C9C2C416C2D008859EE /* CatsDatasourceTests.swift in Sources */ = {isa = PBXBuildFile; fileRef = C61E1C9B2C416C2D008859EE /* CatsDatasourceTests.swift */; };
		C61E1C9E2C416C7E008859EE /* CatBreedModelTests.swift in Sources */ = {isa = PBXBuildFile; fileRef = C61E1C9D2C416C7E008859EE /* CatBreedModelTests.swift */; };
		C65D2E4D2C43536F00F1FA0C /* CatBreedWeightModel.swift in Sources */ = {isa = PBXBuildFile; fileRef = C65D2E4C2C43536F00F1FA0C /* CatBreedWeightModel.swift */; };
		C65D2E4F2C43539800F1FA0C /* CatBreedImageModel.swift in Sources */ = {isa = PBXBuildFile; fileRef = C65D2E4E2C43539800F1FA0C /* CatBreedImageModel.swift */; };
		C65D2E552C44893900F1FA0C /* CatBreedListViewTests.swift in Sources */ = {isa = PBXBuildFile; fileRef = C65D2E542C44893900F1FA0C /* CatBreedListViewTests.swift */; };
		C6F089592C40308000565A8D /* CatLadyPlusApp.swift in Sources */ = {isa = PBXBuildFile; fileRef = C6F089582C40308000565A8D /* CatLadyPlusApp.swift */; };
		C6F0895D2C40308200565A8D /* Assets.xcassets in Resources */ = {isa = PBXBuildFile; fileRef = C6F0895C2C40308200565A8D /* Assets.xcassets */; };
		C6F089602C40308200565A8D /* Preview Assets.xcassets in Resources */ = {isa = PBXBuildFile; fileRef = C6F0895F2C40308200565A8D /* Preview Assets.xcassets */; };
		C6F0896F2C40308200565A8D /* CatLadyPlusTests.swift in Sources */ = {isa = PBXBuildFile; fileRef = C6F0896E2C40308200565A8D /* CatLadyPlusTests.swift */; };
		C6F089792C40308200565A8D /* CatLadyPlusUITests.swift in Sources */ = {isa = PBXBuildFile; fileRef = C6F089782C40308200565A8D /* CatLadyPlusUITests.swift */; };
		C6F0897B2C40308200565A8D /* CatLadyPlusUITestsLaunchTests.swift in Sources */ = {isa = PBXBuildFile; fileRef = C6F0897A2C40308200565A8D /* CatLadyPlusUITestsLaunchTests.swift */; };
		C6F0898D2C4033CF00565A8D /* CatBreedListScreen.swift in Sources */ = {isa = PBXBuildFile; fileRef = C6F0898C2C4033CF00565A8D /* CatBreedListScreen.swift */; };
		C6F0898F2C4033DE00565A8D /* CatBreedListView.swift in Sources */ = {isa = PBXBuildFile; fileRef = C6F0898E2C4033DE00565A8D /* CatBreedListView.swift */; };
		C6F089912C4033EC00565A8D /* CatBreedListViewModel.swift in Sources */ = {isa = PBXBuildFile; fileRef = C6F089902C4033EC00565A8D /* CatBreedListViewModel.swift */; };
		C6F089932C40343600565A8D /* CatBreedModel.swift in Sources */ = {isa = PBXBuildFile; fileRef = C6F089922C40343600565A8D /* CatBreedModel.swift */; };
/* End PBXBuildFile section */

/* Begin PBXContainerItemProxy section */
		C6F0896B2C40308200565A8D /* PBXContainerItemProxy */ = {
			isa = PBXContainerItemProxy;
			containerPortal = C6F0894D2C40308000565A8D /* Project object */;
			proxyType = 1;
			remoteGlobalIDString = C6F089542C40308000565A8D;
			remoteInfo = CatLadyPlus;
		};
		C6F089752C40308200565A8D /* PBXContainerItemProxy */ = {
			isa = PBXContainerItemProxy;
			containerPortal = C6F0894D2C40308000565A8D /* Project object */;
			proxyType = 1;
			remoteGlobalIDString = C6F089542C40308000565A8D;
			remoteInfo = CatLadyPlus;
		};
/* End PBXContainerItemProxy section */

/* Begin PBXFileReference section */
		C61E1C7F2C4038BC008859EE /* RootScreen.swift */ = {isa = PBXFileReference; lastKnownFileType = sourcecode.swift; path = RootScreen.swift; sourceTree = "<group>"; };
		C61E1C812C403931008859EE /* CatBreedDetailScreen.swift */ = {isa = PBXFileReference; lastKnownFileType = sourcecode.swift; path = CatBreedDetailScreen.swift; sourceTree = "<group>"; };
		C61E1C852C404240008859EE /* CatBreedDetailView.swift */ = {isa = PBXFileReference; lastKnownFileType = sourcecode.swift; path = CatBreedDetailView.swift; sourceTree = "<group>"; };
		C61E1C892C404E97008859EE /* CatsDatasource.swift */ = {isa = PBXFileReference; lastKnownFileType = sourcecode.swift; path = CatsDatasource.swift; sourceTree = "<group>"; };
		C61E1C8C2C406D9F008859EE /* Networking.swift */ = {isa = PBXFileReference; lastKnownFileType = sourcecode.swift; path = Networking.swift; sourceTree = "<group>"; };
		C61E1C902C40928B008859EE /* CatBreedListCellView.swift */ = {isa = PBXFileReference; lastKnownFileType = sourcecode.swift; path = CatBreedListCellView.swift; sourceTree = "<group>"; };
		C61E1C972C415964008859EE /* CatsApiEndpoint.swift */ = {isa = PBXFileReference; lastKnownFileType = sourcecode.swift; path = CatsApiEndpoint.swift; sourceTree = "<group>"; };
		C61E1C992C416BED008859EE /* CatsApiEndpointTests.swift */ = {isa = PBXFileReference; lastKnownFileType = sourcecode.swift; path = CatsApiEndpointTests.swift; sourceTree = "<group>"; };
		C61E1C9B2C416C2D008859EE /* CatsDatasourceTests.swift */ = {isa = PBXFileReference; lastKnownFileType = sourcecode.swift; path = CatsDatasourceTests.swift; sourceTree = "<group>"; };
		C61E1C9D2C416C7E008859EE /* CatBreedModelTests.swift */ = {isa = PBXFileReference; lastKnownFileType = sourcecode.swift; path = CatBreedModelTests.swift; sourceTree = "<group>"; };
		C65D2E4C2C43536F00F1FA0C /* CatBreedWeightModel.swift */ = {isa = PBXFileReference; lastKnownFileType = sourcecode.swift; path = CatBreedWeightModel.swift; sourceTree = "<group>"; };
		C65D2E4E2C43539800F1FA0C /* CatBreedImageModel.swift */ = {isa = PBXFileReference; lastKnownFileType = sourcecode.swift; path = CatBreedImageModel.swift; sourceTree = "<group>"; };
		C65D2E532C44277B00F1FA0C /* CatLadyPlus.xctestplan */ = {isa = PBXFileReference; lastKnownFileType = text; path = CatLadyPlus.xctestplan; sourceTree = SOURCE_ROOT; };
		C65D2E542C44893900F1FA0C /* CatBreedListViewTests.swift */ = {isa = PBXFileReference; lastKnownFileType = sourcecode.swift; path = CatBreedListViewTests.swift; sourceTree = "<group>"; };
		C6F089552C40308000565A8D /* CatLadyPlus.app */ = {isa = PBXFileReference; explicitFileType = wrapper.application; includeInIndex = 0; path = CatLadyPlus.app; sourceTree = BUILT_PRODUCTS_DIR; };
		C6F089582C40308000565A8D /* CatLadyPlusApp.swift */ = {isa = PBXFileReference; lastKnownFileType = sourcecode.swift; path = CatLadyPlusApp.swift; sourceTree = "<group>"; };
		C6F0895C2C40308200565A8D /* Assets.xcassets */ = {isa = PBXFileReference; lastKnownFileType = folder.assetcatalog; path = Assets.xcassets; sourceTree = "<group>"; };
		C6F0895F2C40308200565A8D /* Preview Assets.xcassets */ = {isa = PBXFileReference; lastKnownFileType = folder.assetcatalog; path = "Preview Assets.xcassets"; sourceTree = "<group>"; };
		C6F0896A2C40308200565A8D /* CatLadyPlusTests.xctest */ = {isa = PBXFileReference; explicitFileType = wrapper.cfbundle; includeInIndex = 0; path = CatLadyPlusTests.xctest; sourceTree = BUILT_PRODUCTS_DIR; };
		C6F0896E2C40308200565A8D /* CatLadyPlusTests.swift */ = {isa = PBXFileReference; lastKnownFileType = sourcecode.swift; path = CatLadyPlusTests.swift; sourceTree = "<group>"; };
		C6F089742C40308200565A8D /* CatLadyPlusUITests.xctest */ = {isa = PBXFileReference; explicitFileType = wrapper.cfbundle; includeInIndex = 0; path = CatLadyPlusUITests.xctest; sourceTree = BUILT_PRODUCTS_DIR; };
		C6F089782C40308200565A8D /* CatLadyPlusUITests.swift */ = {isa = PBXFileReference; lastKnownFileType = sourcecode.swift; path = CatLadyPlusUITests.swift; sourceTree = "<group>"; };
		C6F0897A2C40308200565A8D /* CatLadyPlusUITestsLaunchTests.swift */ = {isa = PBXFileReference; lastKnownFileType = sourcecode.swift; path = CatLadyPlusUITestsLaunchTests.swift; sourceTree = "<group>"; };
		C6F0898C2C4033CF00565A8D /* CatBreedListScreen.swift */ = {isa = PBXFileReference; lastKnownFileType = sourcecode.swift; path = CatBreedListScreen.swift; sourceTree = "<group>"; };
		C6F0898E2C4033DE00565A8D /* CatBreedListView.swift */ = {isa = PBXFileReference; lastKnownFileType = sourcecode.swift; path = CatBreedListView.swift; sourceTree = "<group>"; };
		C6F089902C4033EC00565A8D /* CatBreedListViewModel.swift */ = {isa = PBXFileReference; lastKnownFileType = sourcecode.swift; path = CatBreedListViewModel.swift; sourceTree = "<group>"; };
		C6F089922C40343600565A8D /* CatBreedModel.swift */ = {isa = PBXFileReference; lastKnownFileType = sourcecode.swift; path = CatBreedModel.swift; sourceTree = "<group>"; };
/* End PBXFileReference section */

/* Begin PBXFrameworksBuildPhase section */
		C6F089522C40308000565A8D /* Frameworks */ = {
			isa = PBXFrameworksBuildPhase;
			buildActionMask = 2147483647;
			files = (
			);
			runOnlyForDeploymentPostprocessing = 0;
		};
		C6F089672C40308200565A8D /* Frameworks */ = {
			isa = PBXFrameworksBuildPhase;
			buildActionMask = 2147483647;
			files = (
			);
			runOnlyForDeploymentPostprocessing = 0;
		};
		C6F089712C40308200565A8D /* Frameworks */ = {
			isa = PBXFrameworksBuildPhase;
			buildActionMask = 2147483647;
			files = (
			);
			runOnlyForDeploymentPostprocessing = 0;
		};
/* End PBXFrameworksBuildPhase section */

/* Begin PBXGroup section */
		C61E1C882C404E3F008859EE /* Datasource */ = {
			isa = PBXGroup;
			children = (
				C61E1C922C412414008859EE /* Endpoints */,
				C61E1C8B2C406D75008859EE /* Networking */,
				C61E1C892C404E97008859EE /* CatsDatasource.swift */,
			);
			path = Datasource;
			sourceTree = "<group>";
		};
		C61E1C8B2C406D75008859EE /* Networking */ = {
			isa = PBXGroup;
			children = (
				C61E1C8C2C406D9F008859EE /* Networking.swift */,
			);
			path = Networking;
			sourceTree = "<group>";
		};
		C61E1C922C412414008859EE /* Endpoints */ = {
			isa = PBXGroup;
			children = (
				C61E1C972C415964008859EE /* CatsApiEndpoint.swift */,
			);
			path = Endpoints;
			sourceTree = "<group>";
		};
		C6F0894C2C40308000565A8D = {
			isa = PBXGroup;
			children = (
				C6F089572C40308000565A8D /* CatLadyPlus */,
				C6F0896D2C40308200565A8D /* CatLadyPlusTests */,
				C6F089772C40308200565A8D /* CatLadyPlusUITests */,
				C6F089562C40308000565A8D /* Products */,
			);
			sourceTree = "<group>";
		};
		C6F089562C40308000565A8D /* Products */ = {
			isa = PBXGroup;
			children = (
				C6F089552C40308000565A8D /* CatLadyPlus.app */,
				C6F0896A2C40308200565A8D /* CatLadyPlusTests.xctest */,
				C6F089742C40308200565A8D /* CatLadyPlusUITests.xctest */,
			);
			name = Products;
			sourceTree = "<group>";
		};
		C6F089572C40308000565A8D /* CatLadyPlus */ = {
			isa = PBXGroup;
			children = (
				C6F089582C40308000565A8D /* CatLadyPlusApp.swift */,
				C61E1C882C404E3F008859EE /* Datasource */,
				C6F089872C4032F100565A8D /* Models */,
				C6F089882C4032FB00565A8D /* Screens */,
				C6F0898A2C40331300565A8D /* ViewModels */,
				C6F089892C40330C00565A8D /* Views */,
				C6F0895E2C40308200565A8D /* Preview Content */,
				C6F0898B2C40332C00565A8D /* Supporting Files */,
			);
			path = CatLadyPlus;
			sourceTree = "<group>";
		};
		C6F0895E2C40308200565A8D /* Preview Content */ = {
			isa = PBXGroup;
			children = (
				C6F0895F2C40308200565A8D /* Preview Assets.xcassets */,
			);
			path = "Preview Content";
			sourceTree = "<group>";
		};
		C6F0896D2C40308200565A8D /* CatLadyPlusTests */ = {
			isa = PBXGroup;
			children = (
				C65D2E532C44277B00F1FA0C /* CatLadyPlus.xctestplan */,
				C6F0896E2C40308200565A8D /* CatLadyPlusTests.swift */,
				C61E1C992C416BED008859EE /* CatsApiEndpointTests.swift */,
				C61E1C9B2C416C2D008859EE /* CatsDatasourceTests.swift */,
				C61E1C9D2C416C7E008859EE /* CatBreedModelTests.swift */,
				C65D2E542C44893900F1FA0C /* CatBreedListViewTests.swift */,
			);
			path = CatLadyPlusTests;
			sourceTree = "<group>";
		};
		C6F089772C40308200565A8D /* CatLadyPlusUITests */ = {
			isa = PBXGroup;
			children = (
				C6F089782C40308200565A8D /* CatLadyPlusUITests.swift */,
				C6F0897A2C40308200565A8D /* CatLadyPlusUITestsLaunchTests.swift */,
			);
			path = CatLadyPlusUITests;
			sourceTree = "<group>";
		};
		C6F089872C4032F100565A8D /* Models */ = {
			isa = PBXGroup;
			children = (
				C6F089922C40343600565A8D /* CatBreedModel.swift */,
				C65D2E4C2C43536F00F1FA0C /* CatBreedWeightModel.swift */,
				C65D2E4E2C43539800F1FA0C /* CatBreedImageModel.swift */,
			);
			path = Models;
			sourceTree = "<group>";
		};
		C6F089882C4032FB00565A8D /* Screens */ = {
			isa = PBXGroup;
			children = (
				C61E1C812C403931008859EE /* CatBreedDetailScreen.swift */,
				C6F0898C2C4033CF00565A8D /* CatBreedListScreen.swift */,
				C61E1C7F2C4038BC008859EE /* RootScreen.swift */,
			);
			path = Screens;
			sourceTree = "<group>";
		};
		C6F089892C40330C00565A8D /* Views */ = {
			isa = PBXGroup;
			children = (
				C61E1C852C404240008859EE /* CatBreedDetailView.swift */,
				C6F0898E2C4033DE00565A8D /* CatBreedListView.swift */,
				C61E1C902C40928B008859EE /* CatBreedListCellView.swift */,
			);
			path = Views;
			sourceTree = "<group>";
		};
		C6F0898A2C40331300565A8D /* ViewModels */ = {
			isa = PBXGroup;
			children = (
				C6F089902C4033EC00565A8D /* CatBreedListViewModel.swift */,
			);
			path = ViewModels;
			sourceTree = "<group>";
		};
		C6F0898B2C40332C00565A8D /* Supporting Files */ = {
			isa = PBXGroup;
			children = (
				C6F0895C2C40308200565A8D /* Assets.xcassets */,
			);
			name = "Supporting Files";
			sourceTree = "<group>";
		};
/* End PBXGroup section */

/* Begin PBXNativeTarget section */
		C6F089542C40308000565A8D /* CatLadyPlus */ = {
			isa = PBXNativeTarget;
			buildConfigurationList = C6F0897E2C40308200565A8D /* Build configuration list for PBXNativeTarget "CatLadyPlus" */;
			buildPhases = (
				C6F089512C40308000565A8D /* Sources */,
				C6F089522C40308000565A8D /* Frameworks */,
				C6F089532C40308000565A8D /* Resources */,
			);
			buildRules = (
			);
			dependencies = (
			);
			name = CatLadyPlus;
			productName = CatLadyPlus;
			productReference = C6F089552C40308000565A8D /* CatLadyPlus.app */;
			productType = "com.apple.product-type.application";
		};
		C6F089692C40308200565A8D /* CatLadyPlusTests */ = {
			isa = PBXNativeTarget;
			buildConfigurationList = C6F089812C40308200565A8D /* Build configuration list for PBXNativeTarget "CatLadyPlusTests" */;
			buildPhases = (
				C6F089662C40308200565A8D /* Sources */,
				C6F089672C40308200565A8D /* Frameworks */,
				C6F089682C40308200565A8D /* Resources */,
			);
			buildRules = (
			);
			dependencies = (
				C6F0896C2C40308200565A8D /* PBXTargetDependency */,
			);
			name = CatLadyPlusTests;
			productName = CatLadyPlusTests;
			productReference = C6F0896A2C40308200565A8D /* CatLadyPlusTests.xctest */;
			productType = "com.apple.product-type.bundle.unit-test";
		};
		C6F089732C40308200565A8D /* CatLadyPlusUITests */ = {
			isa = PBXNativeTarget;
			buildConfigurationList = C6F089842C40308200565A8D /* Build configuration list for PBXNativeTarget "CatLadyPlusUITests" */;
			buildPhases = (
				C6F089702C40308200565A8D /* Sources */,
				C6F089712C40308200565A8D /* Frameworks */,
				C6F089722C40308200565A8D /* Resources */,
			);
			buildRules = (
			);
			dependencies = (
				C6F089762C40308200565A8D /* PBXTargetDependency */,
			);
			name = CatLadyPlusUITests;
			productName = CatLadyPlusUITests;
			productReference = C6F089742C40308200565A8D /* CatLadyPlusUITests.xctest */;
			productType = "com.apple.product-type.bundle.ui-testing";
		};
/* End PBXNativeTarget section */

/* Begin PBXProject section */
		C6F0894D2C40308000565A8D /* Project object */ = {
			isa = PBXProject;
			attributes = {
				BuildIndependentTargetsInParallel = 1;
				LastSwiftUpdateCheck = 1420;
				LastUpgradeCheck = 1420;
				TargetAttributes = {
					C6F089542C40308000565A8D = {
						CreatedOnToolsVersion = 14.2;
					};
					C6F089692C40308200565A8D = {
						CreatedOnToolsVersion = 14.2;
						TestTargetID = C6F089542C40308000565A8D;
					};
					C6F089732C40308200565A8D = {
						CreatedOnToolsVersion = 14.2;
						TestTargetID = C6F089542C40308000565A8D;
					};
				};
			};
			buildConfigurationList = C6F089502C40308000565A8D /* Build configuration list for PBXProject "CatLadyPlus" */;
			compatibilityVersion = "Xcode 14.0";
			developmentRegion = en;
			hasScannedForEncodings = 0;
			knownRegions = (
				en,
				Base,
			);
			mainGroup = C6F0894C2C40308000565A8D;
			productRefGroup = C6F089562C40308000565A8D /* Products */;
			projectDirPath = "";
			projectRoot = "";
			targets = (
				C6F089542C40308000565A8D /* CatLadyPlus */,
				C6F089692C40308200565A8D /* CatLadyPlusTests */,
				C6F089732C40308200565A8D /* CatLadyPlusUITests */,
			);
		};
/* End PBXProject section */

/* Begin PBXResourcesBuildPhase section */
		C6F089532C40308000565A8D /* Resources */ = {
			isa = PBXResourcesBuildPhase;
			buildActionMask = 2147483647;
			files = (
				C6F089602C40308200565A8D /* Preview Assets.xcassets in Resources */,
				C6F0895D2C40308200565A8D /* Assets.xcassets in Resources */,
			);
			runOnlyForDeploymentPostprocessing = 0;
		};
		C6F089682C40308200565A8D /* Resources */ = {
			isa = PBXResourcesBuildPhase;
			buildActionMask = 2147483647;
			files = (
			);
			runOnlyForDeploymentPostprocessing = 0;
		};
		C6F089722C40308200565A8D /* Resources */ = {
			isa = PBXResourcesBuildPhase;
			buildActionMask = 2147483647;
			files = (
			);
			runOnlyForDeploymentPostprocessing = 0;
		};
/* End PBXResourcesBuildPhase section */

/* Begin PBXSourcesBuildPhase section */
		C6F089512C40308000565A8D /* Sources */ = {
			isa = PBXSourcesBuildPhase;
			buildActionMask = 2147483647;
			files = (
				C61E1C982C415964008859EE /* CatsApiEndpoint.swift in Sources */,
				C6F0898D2C4033CF00565A8D /* CatBreedListScreen.swift in Sources */,
				C6F089932C40343600565A8D /* CatBreedModel.swift in Sources */,
				C61E1C822C403931008859EE /* CatBreedDetailScreen.swift in Sources */,
				C65D2E4F2C43539800F1FA0C /* CatBreedImageModel.swift in Sources */,
				C65D2E4D2C43536F00F1FA0C /* CatBreedWeightModel.swift in Sources */,
				C61E1C802C4038BC008859EE /* RootScreen.swift in Sources */,
				C6F089912C4033EC00565A8D /* CatBreedListViewModel.swift in Sources */,
				C61E1C912C40928B008859EE /* CatBreedListCellView.swift in Sources */,
				C61E1C8D2C406D9F008859EE /* Networking.swift in Sources */,
				C61E1C8A2C404E97008859EE /* CatsDatasource.swift in Sources */,
				C6F0898F2C4033DE00565A8D /* CatBreedListView.swift in Sources */,
				C61E1C862C404240008859EE /* CatBreedDetailView.swift in Sources */,
				C6F089592C40308000565A8D /* CatLadyPlusApp.swift in Sources */,
			);
			runOnlyForDeploymentPostprocessing = 0;
		};
		C6F089662C40308200565A8D /* Sources */ = {
			isa = PBXSourcesBuildPhase;
			buildActionMask = 2147483647;
			files = (
				C61E1C9A2C416BED008859EE /* CatsApiEndpointTests.swift in Sources */,
				C61E1C9E2C416C7E008859EE /* CatBreedModelTests.swift in Sources */,
				C6F0896F2C40308200565A8D /* CatLadyPlusTests.swift in Sources */,
				C61E1C9C2C416C2D008859EE /* CatsDatasourceTests.swift in Sources */,
				C65D2E552C44893900F1FA0C /* CatBreedListViewTests.swift in Sources */,
			);
			runOnlyForDeploymentPostprocessing = 0;
		};
		C6F089702C40308200565A8D /* Sources */ = {
			isa = PBXSourcesBuildPhase;
			buildActionMask = 2147483647;
			files = (
				C6F089792C40308200565A8D /* CatLadyPlusUITests.swift in Sources */,
				C6F0897B2C40308200565A8D /* CatLadyPlusUITestsLaunchTests.swift in Sources */,
			);
			runOnlyForDeploymentPostprocessing = 0;
		};
/* End PBXSourcesBuildPhase section */

/* Begin PBXTargetDependency section */
		C6F0896C2C40308200565A8D /* PBXTargetDependency */ = {
			isa = PBXTargetDependency;
			target = C6F089542C40308000565A8D /* CatLadyPlus */;
			targetProxy = C6F0896B2C40308200565A8D /* PBXContainerItemProxy */;
		};
		C6F089762C40308200565A8D /* PBXTargetDependency */ = {
			isa = PBXTargetDependency;
			target = C6F089542C40308000565A8D /* CatLadyPlus */;
			targetProxy = C6F089752C40308200565A8D /* PBXContainerItemProxy */;
		};
/* End PBXTargetDependency section */

/* Begin XCBuildConfiguration section */
		C6F0897C2C40308200565A8D /* Debug */ = {
			isa = XCBuildConfiguration;
			buildSettings = {
				ALWAYS_SEARCH_USER_PATHS = NO;
				ASSETCATALOG_COMPILER_GENERATE_SWIFT_ASSET_SYMBOL_EXTENSIONS = YES;
				CLANG_ANALYZER_NONNULL = YES;
				CLANG_ANALYZER_NUMBER_OBJECT_CONVERSION = YES_AGGRESSIVE;
				CLANG_CXX_LANGUAGE_STANDARD = "gnu++20";
				CLANG_ENABLE_MODULES = YES;
				CLANG_ENABLE_OBJC_ARC = YES;
				CLANG_ENABLE_OBJC_WEAK = YES;
				CLANG_WARN_BLOCK_CAPTURE_AUTORELEASING = YES;
				CLANG_WARN_BOOL_CONVERSION = YES;
				CLANG_WARN_COMMA = YES;
				CLANG_WARN_CONSTANT_CONVERSION = YES;
				CLANG_WARN_DEPRECATED_OBJC_IMPLEMENTATIONS = YES;
				CLANG_WARN_DIRECT_OBJC_ISA_USAGE = YES_ERROR;
				CLANG_WARN_DOCUMENTATION_COMMENTS = YES;
				CLANG_WARN_EMPTY_BODY = YES;
				CLANG_WARN_ENUM_CONVERSION = YES;
				CLANG_WARN_INFINITE_RECURSION = YES;
				CLANG_WARN_INT_CONVERSION = YES;
				CLANG_WARN_NON_LITERAL_NULL_CONVERSION = YES;
				CLANG_WARN_OBJC_IMPLICIT_RETAIN_SELF = YES;
				CLANG_WARN_OBJC_LITERAL_CONVERSION = YES;
				CLANG_WARN_OBJC_ROOT_CLASS = YES_ERROR;
				CLANG_WARN_QUOTED_INCLUDE_IN_FRAMEWORK_HEADER = YES;
				CLANG_WARN_RANGE_LOOP_ANALYSIS = YES;
				CLANG_WARN_STRICT_PROTOTYPES = YES;
				CLANG_WARN_SUSPICIOUS_MOVE = YES;
				CLANG_WARN_UNGUARDED_AVAILABILITY = YES_AGGRESSIVE;
				CLANG_WARN_UNREACHABLE_CODE = YES;
				CLANG_WARN__DUPLICATE_METHOD_MATCH = YES;
				CODE_SIGN_STYLE = Automatic;
				COPY_PHASE_STRIP = NO;
				DEBUG_INFORMATION_FORMAT = dwarf;
				ENABLE_STRICT_OBJC_MSGSEND = YES;
				ENABLE_TESTABILITY = YES;
				ENABLE_USER_SCRIPT_SANDBOXING = YES;
				GCC_C_LANGUAGE_STANDARD = gnu17;
				GCC_DYNAMIC_NO_PIC = NO;
				GCC_NO_COMMON_BLOCKS = YES;
				GCC_OPTIMIZATION_LEVEL = 0;
				GCC_PREPROCESSOR_DEFINITIONS = (
					"DEBUG=1",
					"$(inherited)",
				);
				GCC_WARN_64_TO_32_BIT_CONVERSION = YES;
				GCC_WARN_ABOUT_RETURN_TYPE = YES_ERROR;
				GCC_WARN_UNDECLARED_SELECTOR = YES;
				GCC_WARN_UNINITIALIZED_AUTOS = YES_AGGRESSIVE;
				GCC_WARN_UNUSED_FUNCTION = YES;
				GCC_WARN_UNUSED_VARIABLE = YES;
				IPHONEOS_DEPLOYMENT_TARGET = 17.0;
				LOCALIZATION_PREFERS_STRING_CATALOGS = YES;
				MTL_ENABLE_DEBUG_INFO = INCLUDE_SOURCE;
				MTL_FAST_MATH = YES;
				ONLY_ACTIVE_ARCH = YES;
				SDKROOT = iphoneos;
				SWIFT_ACTIVE_COMPILATION_CONDITIONS = DEBUG;
				SWIFT_OPTIMIZATION_LEVEL = "-Onone";
				SWIFT_VERSION = 5.0;
			};
			name = Debug;
		};
		C6F0897D2C40308200565A8D /* Release */ = {
			isa = XCBuildConfiguration;
			buildSettings = {
				ALWAYS_SEARCH_USER_PATHS = NO;
				ASSETCATALOG_COMPILER_GENERATE_SWIFT_ASSET_SYMBOL_EXTENSIONS = YES;
				CLANG_ANALYZER_NONNULL = YES;
				CLANG_ANALYZER_NUMBER_OBJECT_CONVERSION = YES_AGGRESSIVE;
				CLANG_CXX_LANGUAGE_STANDARD = "gnu++20";
				CLANG_ENABLE_MODULES = YES;
				CLANG_ENABLE_OBJC_ARC = YES;
				CLANG_ENABLE_OBJC_WEAK = YES;
				CLANG_WARN_BLOCK_CAPTURE_AUTORELEASING = YES;
				CLANG_WARN_BOOL_CONVERSION = YES;
				CLANG_WARN_COMMA = YES;
				CLANG_WARN_CONSTANT_CONVERSION = YES;
				CLANG_WARN_DEPRECATED_OBJC_IMPLEMENTATIONS = YES;
				CLANG_WARN_DIRECT_OBJC_ISA_USAGE = YES_ERROR;
				CLANG_WARN_DOCUMENTATION_COMMENTS = YES;
				CLANG_WARN_EMPTY_BODY = YES;
				CLANG_WARN_ENUM_CONVERSION = YES;
				CLANG_WARN_INFINITE_RECURSION = YES;
				CLANG_WARN_INT_CONVERSION = YES;
				CLANG_WARN_NON_LITERAL_NULL_CONVERSION = YES;
				CLANG_WARN_OBJC_IMPLICIT_RETAIN_SELF = YES;
				CLANG_WARN_OBJC_LITERAL_CONVERSION = YES;
				CLANG_WARN_OBJC_ROOT_CLASS = YES_ERROR;
				CLANG_WARN_QUOTED_INCLUDE_IN_FRAMEWORK_HEADER = YES;
				CLANG_WARN_RANGE_LOOP_ANALYSIS = YES;
				CLANG_WARN_STRICT_PROTOTYPES = YES;
				CLANG_WARN_SUSPICIOUS_MOVE = YES;
				CLANG_WARN_UNGUARDED_AVAILABILITY = YES_AGGRESSIVE;
				CLANG_WARN_UNREACHABLE_CODE = YES;
				CLANG_WARN__DUPLICATE_METHOD_MATCH = YES;
				CODE_SIGN_STYLE = Automatic;
				COPY_PHASE_STRIP = NO;
				DEBUG_INFORMATION_FORMAT = "dwarf-with-dsym";
				ENABLE_NS_ASSERTIONS = NO;
				ENABLE_STRICT_OBJC_MSGSEND = YES;
				ENABLE_USER_SCRIPT_SANDBOXING = YES;
				GCC_C_LANGUAGE_STANDARD = gnu17;
				GCC_NO_COMMON_BLOCKS = YES;
				GCC_WARN_64_TO_32_BIT_CONVERSION = YES;
				GCC_WARN_ABOUT_RETURN_TYPE = YES_ERROR;
				GCC_WARN_UNDECLARED_SELECTOR = YES;
				GCC_WARN_UNINITIALIZED_AUTOS = YES_AGGRESSIVE;
				GCC_WARN_UNUSED_FUNCTION = YES;
				GCC_WARN_UNUSED_VARIABLE = YES;
				IPHONEOS_DEPLOYMENT_TARGET = 17.0;
				LOCALIZATION_PREFERS_STRING_CATALOGS = YES;
				MTL_ENABLE_DEBUG_INFO = NO;
				MTL_FAST_MATH = YES;
				SDKROOT = iphoneos;
				SWIFT_COMPILATION_MODE = wholemodule;
				SWIFT_OPTIMIZATION_LEVEL = "-O";
				SWIFT_VERSION = 5.0;
				VALIDATE_PRODUCT = YES;
			};
			name = Release;
		};
		C6F0897F2C40308200565A8D /* Debug */ = {
			isa = XCBuildConfiguration;
			buildSettings = {
				ASSETCATALOG_COMPILER_APPICON_NAME = AppIcon;
				ASSETCATALOG_COMPILER_GLOBAL_ACCENT_COLOR_NAME = AccentColor;
				CURRENT_PROJECT_VERSION = 1;
				DEVELOPMENT_ASSET_PATHS = "\"CatLadyPlus/Preview Content\"";
				ENABLE_PREVIEWS = YES;
				GENERATE_INFOPLIST_FILE = YES;
				INFOPLIST_KEY_UIApplicationSceneManifest_Generation = YES;
				INFOPLIST_KEY_UIApplicationSupportsIndirectInputEvents = YES;
				INFOPLIST_KEY_UILaunchScreen_Generation = YES;
				INFOPLIST_KEY_UISupportedInterfaceOrientations_iPad = "UIInterfaceOrientationPortrait UIInterfaceOrientationPortraitUpsideDown UIInterfaceOrientationLandscapeLeft UIInterfaceOrientationLandscapeRight";
				INFOPLIST_KEY_UISupportedInterfaceOrientations_iPhone = "UIInterfaceOrientationPortrait UIInterfaceOrientationLandscapeLeft UIInterfaceOrientationLandscapeRight";
				LD_RUNPATH_SEARCH_PATHS = (
					"$(inherited)",
					"@executable_path/Frameworks",
				);
				MARKETING_VERSION = 1.0;
				PRODUCT_BUNDLE_IDENTIFIER = "com.adelinofaria.$(TARGET_NAME:lower)";
				PRODUCT_NAME = "$(TARGET_NAME)";
				SWIFT_EMIT_LOC_STRINGS = YES;
				TARGETED_DEVICE_FAMILY = "1,2";
			};
			name = Debug;
		};
		C6F089802C40308200565A8D /* Release */ = {
			isa = XCBuildConfiguration;
			buildSettings = {
				ASSETCATALOG_COMPILER_APPICON_NAME = AppIcon;
				ASSETCATALOG_COMPILER_GLOBAL_ACCENT_COLOR_NAME = AccentColor;
				CURRENT_PROJECT_VERSION = 1;
				DEVELOPMENT_ASSET_PATHS = "\"CatLadyPlus/Preview Content\"";
				ENABLE_PREVIEWS = YES;
				GENERATE_INFOPLIST_FILE = YES;
				INFOPLIST_KEY_UIApplicationSceneManifest_Generation = YES;
				INFOPLIST_KEY_UIApplicationSupportsIndirectInputEvents = YES;
				INFOPLIST_KEY_UILaunchScreen_Generation = YES;
				INFOPLIST_KEY_UISupportedInterfaceOrientations_iPad = "UIInterfaceOrientationPortrait UIInterfaceOrientationPortraitUpsideDown UIInterfaceOrientationLandscapeLeft UIInterfaceOrientationLandscapeRight";
				INFOPLIST_KEY_UISupportedInterfaceOrientations_iPhone = "UIInterfaceOrientationPortrait UIInterfaceOrientationLandscapeLeft UIInterfaceOrientationLandscapeRight";
				LD_RUNPATH_SEARCH_PATHS = (
					"$(inherited)",
					"@executable_path/Frameworks",
				);
				MARKETING_VERSION = 1.0;
				PRODUCT_BUNDLE_IDENTIFIER = "com.adelinofaria.$(TARGET_NAME:lower)";
				PRODUCT_NAME = "$(TARGET_NAME)";
				SWIFT_EMIT_LOC_STRINGS = YES;
				TARGETED_DEVICE_FAMILY = "1,2";
			};
			name = Release;
		};
		C6F089822C40308200565A8D /* Debug */ = {
			isa = XCBuildConfiguration;
			buildSettings = {
				ALWAYS_EMBED_SWIFT_STANDARD_LIBRARIES = YES;
				BUNDLE_LOADER = "$(TEST_HOST)";
				CURRENT_PROJECT_VERSION = 1;
				GENERATE_INFOPLIST_FILE = YES;
				MARKETING_VERSION = 1.0;
				PRODUCT_BUNDLE_IDENTIFIER = "com.adelinofaria.$(TARGET_NAME:lower)";
				PRODUCT_NAME = "$(TARGET_NAME)";
				SWIFT_EMIT_LOC_STRINGS = NO;
				TARGETED_DEVICE_FAMILY = "1,2";
				TEST_HOST = "$(BUILT_PRODUCTS_DIR)/CatLadyPlus.app/$(BUNDLE_EXECUTABLE_FOLDER_PATH)/CatLadyPlus";
			};
			name = Debug;
		};
		C6F089832C40308200565A8D /* Release */ = {
			isa = XCBuildConfiguration;
			buildSettings = {
				ALWAYS_EMBED_SWIFT_STANDARD_LIBRARIES = YES;
				BUNDLE_LOADER = "$(TEST_HOST)";
				CURRENT_PROJECT_VERSION = 1;
				GENERATE_INFOPLIST_FILE = YES;
				MARKETING_VERSION = 1.0;
				PRODUCT_BUNDLE_IDENTIFIER = "com.adelinofaria.$(TARGET_NAME:lower)";
				PRODUCT_NAME = "$(TARGET_NAME)";
				SWIFT_EMIT_LOC_STRINGS = NO;
				TARGETED_DEVICE_FAMILY = "1,2";
				TEST_HOST = "$(BUILT_PRODUCTS_DIR)/CatLadyPlus.app/$(BUNDLE_EXECUTABLE_FOLDER_PATH)/CatLadyPlus";
			};
			name = Release;
		};
		C6F089852C40308200565A8D /* Debug */ = {
			isa = XCBuildConfiguration;
			buildSettings = {
				ALWAYS_EMBED_SWIFT_STANDARD_LIBRARIES = YES;
				CURRENT_PROJECT_VERSION = 1;
				GENERATE_INFOPLIST_FILE = YES;
				MARKETING_VERSION = 1.0;
				PRODUCT_BUNDLE_IDENTIFIER = "com.adelinofaria.$(TARGET_NAME:lower)";
				PRODUCT_NAME = "$(TARGET_NAME)";
				SWIFT_EMIT_LOC_STRINGS = NO;
				TARGETED_DEVICE_FAMILY = "1,2";
				TEST_TARGET_NAME = CatLadyPlus;
			};
			name = Debug;
		};
		C6F089862C40308200565A8D /* Release */ = {
			isa = XCBuildConfiguration;
			buildSettings = {
				ALWAYS_EMBED_SWIFT_STANDARD_LIBRARIES = YES;
				CURRENT_PROJECT_VERSION = 1;
				GENERATE_INFOPLIST_FILE = YES;
				MARKETING_VERSION = 1.0;
				PRODUCT_BUNDLE_IDENTIFIER = "com.adelinofaria.$(TARGET_NAME:lower)";
				PRODUCT_NAME = "$(TARGET_NAME)";
				SWIFT_EMIT_LOC_STRINGS = NO;
				TARGETED_DEVICE_FAMILY = "1,2";
				TEST_TARGET_NAME = CatLadyPlus;
			};
			name = Release;
		};
/* End XCBuildConfiguration section */

/* Begin XCConfigurationList section */
		C6F089502C40308000565A8D /* Build configuration list for PBXProject "CatLadyPlus" */ = {
			isa = XCConfigurationList;
			buildConfigurations = (
				C6F0897C2C40308200565A8D /* Debug */,
				C6F0897D2C40308200565A8D /* Release */,
			);
			defaultConfigurationIsVisible = 0;
			defaultConfigurationName = Release;
		};
		C6F0897E2C40308200565A8D /* Build configuration list for PBXNativeTarget "CatLadyPlus" */ = {
			isa = XCConfigurationList;
			buildConfigurations = (
				C6F0897F2C40308200565A8D /* Debug */,
				C6F089802C40308200565A8D /* Release */,
			);
			defaultConfigurationIsVisible = 0;
			defaultConfigurationName = Release;
		};
		C6F089812C40308200565A8D /* Build configuration list for PBXNativeTarget "CatLadyPlusTests" */ = {
			isa = XCConfigurationList;
			buildConfigurations = (
				C6F089822C40308200565A8D /* Debug */,
				C6F089832C40308200565A8D /* Release */,
			);
			defaultConfigurationIsVisible = 0;
			defaultConfigurationName = Release;
		};
		C6F089842C40308200565A8D /* Build configuration list for PBXNativeTarget "CatLadyPlusUITests" */ = {
			isa = XCConfigurationList;
			buildConfigurations = (
				C6F089852C40308200565A8D /* Debug */,
				C6F089862C40308200565A8D /* Release */,
			);
			defaultConfigurationIsVisible = 0;
			defaultConfigurationName = Release;
		};
/* End XCConfigurationList section */
	};
	rootObject = C6F0894D2C40308000565A8D /* Project object */;
}
